
Microsoft Visual Studio Solution File, Format Version 12.00
# Visual Studio Version 16
VisualStudioVersion = 16.0.30611.23
MinimumVisualStudioVersion = 10.0.40219.1
Project("{FAE04EC0-301F-11D3-BF4B-00C04F79EFBC}") = "ChelExcell", "ChelExcell.csproj", "{581FD59B-41A7-4396-9E60-201A22FFB6E5}"
EndProject
Global
	GlobalSection(SolutionConfigurationPlatforms) = preSolution
		Debug|Any CPU = Debug|Any CPU
		Release|Any CPU = Release|Any CPU
	EndGlobalSection
	GlobalSection(ProjectConfigurationPlatforms) = postSolution
		{581FD59B-41A7-4396-9E60-201A22FFB6E5}.Debug|Any CPU.ActiveCfg = Debug|Any CPU
		{581FD59B-41A7-4396-9E60-201A22FFB6E5}.Debug|Any CPU.Build.0 = Debug|Any CPU
		{581FD59B-41A7-4396-9E60-201A22FFB6E5}.Release|Any CPU.ActiveCfg = Release|Any CPU
		{581FD59B-41A7-4396-9E60-201A22FFB6E5}.Release|Any CPU.Build.0 = Release|Any CPU
	EndGlobalSection
	GlobalSection(SolutionProperties) = preSolution
		HideSolutionNode = FALSE
	EndGlobalSection
	GlobalSection(ExtensibilityGlobals) = postSolution
		SolutionGuid = {D778AAED-A4F1-4C07-9041-CA2160DFDC41}
	EndGlobalSection
EndGlobal
